// !$*UTF8*$!
{
	archiveVersion = 1;
	classes = {
	};
	objectVersion = 77;
	objects = {

/* Begin PBXBuildFile section */
		BC8927802EF6DB0200E9C0CF /* WidgetKit.framework in Frameworks */ = {isa = PBXBuildFile; fileRef = BC89277F2EF6DB0200E9C0CF /* WidgetKit.framework */; };
		BC8927822EF6DB0200E9C0CF /* SwiftUI.framework in Frameworks */ = {isa = PBXBuildFile; fileRef = BC8927812EF6DB0200E9C0CF /* SwiftUI.framework */; };
		BC89278F2EF6DB0300E9C0CF /* WidgetsExtension.appex in Embed Foundation Extensions */ = {isa = PBXBuildFile; fileRef = BC89277D2EF6DB0200E9C0CF /* WidgetsExtension.appex */; settings = {ATTRIBUTES = (RemoveHeadersOnCopy, ); }; };
		BCD96F7B2EEA261000825511 /* GoogleGenerativeAI in Frameworks */ = {isa = PBXBuildFile; productRef = BCD96F7A2EEA261000825511 /* GoogleGenerativeAI */; };
/* End PBXBuildFile section */

/* Begin PBXContainerItemProxy section */
		BC5948022EB573FB0067A24C /* PBXContainerItemProxy */ = {
			isa = PBXContainerItemProxy;
			containerPortal = BC5947E82EB573FA0067A24C /* Project object */;
			proxyType = 1;
			remoteGlobalIDString = BC5947EF2EB573FA0067A24C;
			remoteInfo = Classlly;
		};
		BC59480C2EB573FB0067A24C /* PBXContainerItemProxy */ = {
			isa = PBXContainerItemProxy;
			containerPortal = BC5947E82EB573FA0067A24C /* Project object */;
			proxyType = 1;
			remoteGlobalIDString = BC5947EF2EB573FA0067A24C;
			remoteInfo = Classlly;
		};
		BC89278D2EF6DB0300E9C0CF /* PBXContainerItemProxy */ = {
			isa = PBXContainerItemProxy;
			containerPortal = BC5947E82EB573FA0067A24C /* Project object */;
			proxyType = 1;
			remoteGlobalIDString = BC89277C2EF6DB0200E9C0CF;
			remoteInfo = WidgetsExtension;
		};
/* End PBXContainerItemProxy section */

/* Begin PBXCopyFilesBuildPhase section */
		BC8927942EF6DB0300E9C0CF /* Embed Foundation Extensions */ = {
			isa = PBXCopyFilesBuildPhase;
			buildActionMask = 2147483647;
			dstPath = "";
			dstSubfolderSpec = 13;
			files = (
				BC89278F2EF6DB0300E9C0CF /* WidgetsExtension.appex in Embed Foundation Extensions */,
			);
			name = "Embed Foundation Extensions";
			runOnlyForDeploymentPostprocessing = 0;
		};
/* End PBXCopyFilesBuildPhase section */

/* Begin PBXFileReference section */
		BC5947F02EB573FA0067A24C /* Classlly.app */ = {isa = PBXFileReference; explicitFileType = wrapper.application; includeInIndex = 0; path = Classlly.app; sourceTree = BUILT_PRODUCTS_DIR; };
		BC5948012EB573FB0067A24C /* ClassllyTests.xctest */ = {isa = PBXFileReference; explicitFileType = wrapper.cfbundle; includeInIndex = 0; path = ClassllyTests.xctest; sourceTree = BUILT_PRODUCTS_DIR; };
		BC59480B2EB573FB0067A24C /* ClassllyUITests.xctest */ = {isa = PBXFileReference; explicitFileType = wrapper.cfbundle; includeInIndex = 0; path = ClassllyUITests.xctest; sourceTree = BUILT_PRODUCTS_DIR; };
		BC89277D2EF6DB0200E9C0CF /* WidgetsExtension.appex */ = {isa = PBXFileReference; explicitFileType = "wrapper.app-extension"; includeInIndex = 0; path = WidgetsExtension.appex; sourceTree = BUILT_PRODUCTS_DIR; };
		BC89277F2EF6DB0200E9C0CF /* WidgetKit.framework */ = {isa = PBXFileReference; lastKnownFileType = wrapper.framework; name = WidgetKit.framework; path = System/Library/Frameworks/WidgetKit.framework; sourceTree = SDKROOT; };
		BC8927812EF6DB0200E9C0CF /* SwiftUI.framework */ = {isa = PBXFileReference; lastKnownFileType = wrapper.framework; name = SwiftUI.framework; path = System/Library/Frameworks/SwiftUI.framework; sourceTree = SDKROOT; };
		BCDBE3E02EF710CB0022D1C9 /* WidgetsExtension.entitlements */ = {isa = PBXFileReference; lastKnownFileType = text.plist.entitlements; path = WidgetsExtension.entitlements; sourceTree = "<group>"; };
/* End PBXFileReference section */

/* Begin PBXFileSystemSynchronizedBuildFileExceptionSet section */
		BC2C89BF2EDEDDE200718512 /* Exceptions for "Classlly" folder in "Classlly" target */ = {
			isa = PBXFileSystemSynchronizedBuildFileExceptionSet;
			membershipExceptions = (
				App/Info.plist,
			);
			target = BC5947EF2EB573FA0067A24C /* Classlly */;
		};
		BC8927932EF6DB0300E9C0CF /* Exceptions for "Widgets" folder in "WidgetsExtension" target */ = {
			isa = PBXFileSystemSynchronizedBuildFileExceptionSet;
			membershipExceptions = (
				Info.plist,
			);
			target = BC89277C2EF6DB0200E9C0CF /* WidgetsExtension */;
		};
		BC8927992EF6DBD700E9C0CF /* Exceptions for "Classlly" folder in "WidgetsExtension" target */ = {
			isa = PBXFileSystemSynchronizedBuildFileExceptionSet;
			membershipExceptions = (
				"Core/Design Systems/ColorExtensions.swift",
				"Core/Design Systems/Colors.swift",
				"Core/Design Systems/SharedComponents.swift",
				Core/Utilities/SharedModelContainer.swift,
				Models/AcademicEvents.swift,
				Models/AppUser.swift,
				Models/AttendanceEntry.swift,
				Models/Enums.swift,
				Models/GradeEntry.swift,
				Models/StudentProfile.swift,
				Models/StudyTask.swift,
				Models/Subject.swift,
			);
			target = BC89277C2EF6DB0200E9C0CF /* WidgetsExtension */;
		};
/* End PBXFileSystemSynchronizedBuildFileExceptionSet section */

/* Begin PBXFileSystemSynchronizedRootGroup section */
		BC5947F22EB573FA0067A24C /* Classlly */ = {
			isa = PBXFileSystemSynchronizedRootGroup;
			exceptions = (
				BC2C89BF2EDEDDE200718512 /* Exceptions for "Classlly" folder in "Classlly" target */,
				BC8927992EF6DBD700E9C0CF /* Exceptions for "Classlly" folder in "WidgetsExtension" target */,
			);
			path = Classlly;
			sourceTree = "<group>";
		};
		BC5948042EB573FB0067A24C /* ClassllyTests */ = {
			isa = PBXFileSystemSynchronizedRootGroup;
			path = ClassllyTests;
			sourceTree = "<group>";
		};
		BC59480E2EB573FB0067A24C /* ClassllyUITests */ = {
			isa = PBXFileSystemSynchronizedRootGroup;
			path = ClassllyUITests;
			sourceTree = "<group>";
		};
		BC8927832EF6DB0200E9C0CF /* Widgets */ = {
			isa = PBXFileSystemSynchronizedRootGroup;
			exceptions = (
				BC8927932EF6DB0300E9C0CF /* Exceptions for "Widgets" folder in "WidgetsExtension" target */,
			);
			path = Widgets;
			sourceTree = "<group>";
		};
/* End PBXFileSystemSynchronizedRootGroup section */

/* Begin PBXFrameworksBuildPhase section */
		BC5947ED2EB573FA0067A24C /* Frameworks */ = {
			isa = PBXFrameworksBuildPhase;
			buildActionMask = 2147483647;
			files = (
				BCD96F7B2EEA261000825511 /* GoogleGenerativeAI in Frameworks */,
			);
			runOnlyForDeploymentPostprocessing = 0;
		};
		BC5947FE2EB573FB0067A24C /* Frameworks */ = {
			isa = PBXFrameworksBuildPhase;
			buildActionMask = 2147483647;
			files = (
			);
			runOnlyForDeploymentPostprocessing = 0;
		};
		BC5948082EB573FB0067A24C /* Frameworks */ = {
			isa = PBXFrameworksBuildPhase;
			buildActionMask = 2147483647;
			files = (
			);
			runOnlyForDeploymentPostprocessing = 0;
		};
		BC89277A2EF6DB0200E9C0CF /* Frameworks */ = {
			isa = PBXFrameworksBuildPhase;
			buildActionMask = 2147483647;
			files = (
				BC8927822EF6DB0200E9C0CF /* SwiftUI.framework in Frameworks */,
				BC8927802EF6DB0200E9C0CF /* WidgetKit.framework in Frameworks */,
			);
			runOnlyForDeploymentPostprocessing = 0;
		};
/* End PBXFrameworksBuildPhase section */

/* Begin PBXGroup section */
		BC5947E72EB573FA0067A24C = {
			isa = PBXGroup;
			children = (
				BC5947F22EB573FA0067A24C /* Classlly */,
				BC5948042EB573FB0067A24C /* ClassllyTests */,
				BC59480E2EB573FB0067A24C /* ClassllyUITests */,
				BC8927832EF6DB0200E9C0CF /* Widgets */,
				BC89277E2EF6DB0200E9C0CF /* Frameworks */,
				BC5947F12EB573FA0067A24C /* Products */,
				BCDBE3E02EF710CB0022D1C9 /* WidgetsExtension.entitlements */,
			);
			sourceTree = "<group>";
		};
		BC5947F12EB573FA0067A24C /* Products */ = {
			isa = PBXGroup;
			children = (
				BC5947F02EB573FA0067A24C /* Classlly.app */,
				BC5948012EB573FB0067A24C /* ClassllyTests.xctest */,
				BC59480B2EB573FB0067A24C /* ClassllyUITests.xctest */,
				BC89277D2EF6DB0200E9C0CF /* WidgetsExtension.appex */,
			);
			name = Products;
			sourceTree = "<group>";
		};
		BC89277E2EF6DB0200E9C0CF /* Frameworks */ = {
			isa = PBXGroup;
			children = (
				BC89277F2EF6DB0200E9C0CF /* WidgetKit.framework */,
				BC8927812EF6DB0200E9C0CF /* SwiftUI.framework */,
			);
			name = Frameworks;
			sourceTree = "<group>";
		};
/* End PBXGroup section */

/* Begin PBXNativeTarget section */
		BC5947EF2EB573FA0067A24C /* Classlly */ = {
			isa = PBXNativeTarget;
			buildConfigurationList = BC5948142EB573FB0067A24C /* Build configuration list for PBXNativeTarget "Classlly" */;
			buildPhases = (
				BC5947EC2EB573FA0067A24C /* Sources */,
				BC5947ED2EB573FA0067A24C /* Frameworks */,
				BC5947EE2EB573FA0067A24C /* Resources */,
				BC8927942EF6DB0300E9C0CF /* Embed Foundation Extensions */,
			);
			buildRules = (
			);
			dependencies = (
				BC89278E2EF6DB0300E9C0CF /* PBXTargetDependency */,
			);
			fileSystemSynchronizedGroups = (
				BC5947F22EB573FA0067A24C /* Classlly */,
			);
			name = Classlly;
			packageProductDependencies = (
				BCD96F7A2EEA261000825511 /* GoogleGenerativeAI */,
			);
			productName = Classlly;
			productReference = BC5947F02EB573FA0067A24C /* Classlly.app */;
			productType = "com.apple.product-type.application";
		};
		BC5948002EB573FB0067A24C /* ClassllyTests */ = {
			isa = PBXNativeTarget;
			buildConfigurationList = BC5948192EB573FB0067A24C /* Build configuration list for PBXNativeTarget "ClassllyTests" */;
			buildPhases = (
				BC5947FD2EB573FB0067A24C /* Sources */,
				BC5947FE2EB573FB0067A24C /* Frameworks */,
				BC5947FF2EB573FB0067A24C /* Resources */,
			);
			buildRules = (
			);
			dependencies = (
				BC5948032EB573FB0067A24C /* PBXTargetDependency */,
			);
			fileSystemSynchronizedGroups = (
				BC5948042EB573FB0067A24C /* ClassllyTests */,
			);
			name = ClassllyTests;
			packageProductDependencies = (
			);
			productName = ClassllyTests;
			productReference = BC5948012EB573FB0067A24C /* ClassllyTests.xctest */;
			productType = "com.apple.product-type.bundle.unit-test";
		};
		BC59480A2EB573FB0067A24C /* ClassllyUITests */ = {
			isa = PBXNativeTarget;
			buildConfigurationList = BC59481C2EB573FB0067A24C /* Build configuration list for PBXNativeTarget "ClassllyUITests" */;
			buildPhases = (
				BC5948072EB573FB0067A24C /* Sources */,
				BC5948082EB573FB0067A24C /* Frameworks */,
				BC5948092EB573FB0067A24C /* Resources */,
			);
			buildRules = (
			);
			dependencies = (
				BC59480D2EB573FB0067A24C /* PBXTargetDependency */,
			);
			fileSystemSynchronizedGroups = (
				BC59480E2EB573FB0067A24C /* ClassllyUITests */,
			);
			name = ClassllyUITests;
			packageProductDependencies = (
			);
			productName = ClassllyUITests;
			productReference = BC59480B2EB573FB0067A24C /* ClassllyUITests.xctest */;
			productType = "com.apple.product-type.bundle.ui-testing";
		};
		BC89277C2EF6DB0200E9C0CF /* WidgetsExtension */ = {
			isa = PBXNativeTarget;
			buildConfigurationList = BC8927902EF6DB0300E9C0CF /* Build configuration list for PBXNativeTarget "WidgetsExtension" */;
			buildPhases = (
				BC8927792EF6DB0200E9C0CF /* Sources */,
				BC89277A2EF6DB0200E9C0CF /* Frameworks */,
				BC89277B2EF6DB0200E9C0CF /* Resources */,
			);
			buildRules = (
			);
			dependencies = (
			);
			fileSystemSynchronizedGroups = (
				BC8927832EF6DB0200E9C0CF /* Widgets */,
			);
			name = WidgetsExtension;
			packageProductDependencies = (
			);
			productName = WidgetsExtension;
			productReference = BC89277D2EF6DB0200E9C0CF /* WidgetsExtension.appex */;
			productType = "com.apple.product-type.app-extension";
		};
/* End PBXNativeTarget section */

/* Begin PBXProject section */
		BC5947E82EB573FA0067A24C /* Project object */ = {
			isa = PBXProject;
			attributes = {
				BuildIndependentTargetsInParallel = 1;
				LastSwiftUpdateCheck = 2620;
				LastUpgradeCheck = 2610;
				TargetAttributes = {
					BC5947EF2EB573FA0067A24C = {
						CreatedOnToolsVersion = 26.0.1;
					};
					BC5948002EB573FB0067A24C = {
						CreatedOnToolsVersion = 26.0.1;
						TestTargetID = BC5947EF2EB573FA0067A24C;
					};
					BC59480A2EB573FB0067A24C = {
						CreatedOnToolsVersion = 26.0.1;
						TestTargetID = BC5947EF2EB573FA0067A24C;
					};
					BC89277C2EF6DB0200E9C0CF = {
						CreatedOnToolsVersion = 26.2;
					};
				};
			};
			buildConfigurationList = BC5947EB2EB573FA0067A24C /* Build configuration list for PBXProject "Classlly" */;
			developmentRegion = en;
			hasScannedForEncodings = 0;
			knownRegions = (
				en,
				Base,
			);
			mainGroup = BC5947E72EB573FA0067A24C;
			minimizedProjectReferenceProxies = 1;
			packageReferences = (
				BCD96F792EEA261000825511 /* XCRemoteSwiftPackageReference "generative-ai-swift" */,
			);
			preferredProjectObjectVersion = 77;
			productRefGroup = BC5947F12EB573FA0067A24C /* Products */;
			projectDirPath = "";
			projectRoot = "";
			targets = (
				BC5947EF2EB573FA0067A24C /* Classlly */,
				BC5948002EB573FB0067A24C /* ClassllyTests */,
				BC59480A2EB573FB0067A24C /* ClassllyUITests */,
				BC89277C2EF6DB0200E9C0CF /* WidgetsExtension */,
			);
		};
/* End PBXProject section */

/* Begin PBXResourcesBuildPhase section */
		BC5947EE2EB573FA0067A24C /* Resources */ = {
			isa = PBXResourcesBuildPhase;
			buildActionMask = 2147483647;
			files = (
			);
			runOnlyForDeploymentPostprocessing = 0;
		};
		BC5947FF2EB573FB0067A24C /* Resources */ = {
			isa = PBXResourcesBuildPhase;
			buildActionMask = 2147483647;
			files = (
			);
			runOnlyForDeploymentPostprocessing = 0;
		};
		BC5948092EB573FB0067A24C /* Resources */ = {
			isa = PBXResourcesBuildPhase;
			buildActionMask = 2147483647;
			files = (
			);
			runOnlyForDeploymentPostprocessing = 0;
		};
		BC89277B2EF6DB0200E9C0CF /* Resources */ = {
			isa = PBXResourcesBuildPhase;
			buildActionMask = 2147483647;
			files = (
			);
			runOnlyForDeploymentPostprocessing = 0;
		};
/* End PBXResourcesBuildPhase section */

/* Begin PBXSourcesBuildPhase section */
		BC5947EC2EB573FA0067A24C /* Sources */ = {
			isa = PBXSourcesBuildPhase;
			buildActionMask = 2147483647;
			files = (
			);
			runOnlyForDeploymentPostprocessing = 0;
		};
		BC5947FD2EB573FB0067A24C /* Sources */ = {
			isa = PBXSourcesBuildPhase;
			buildActionMask = 2147483647;
			files = (
			);
			runOnlyForDeploymentPostprocessing = 0;
		};
		BC5948072EB573FB0067A24C /* Sources */ = {
			isa = PBXSourcesBuildPhase;
			buildActionMask = 2147483647;
			files = (
			);
			runOnlyForDeploymentPostprocessing = 0;
		};
		BC8927792EF6DB0200E9C0CF /* Sources */ = {
			isa = PBXSourcesBuildPhase;
			buildActionMask = 2147483647;
			files = (
			);
			runOnlyForDeploymentPostprocessing = 0;
		};
/* End PBXSourcesBuildPhase section */

/* Begin PBXTargetDependency section */
		BC5948032EB573FB0067A24C /* PBXTargetDependency */ = {
			isa = PBXTargetDependency;
			target = BC5947EF2EB573FA0067A24C /* Classlly */;
			targetProxy = BC5948022EB573FB0067A24C /* PBXContainerItemProxy */;
		};
		BC59480D2EB573FB0067A24C /* PBXTargetDependency */ = {
			isa = PBXTargetDependency;
			target = BC5947EF2EB573FA0067A24C /* Classlly */;
			targetProxy = BC59480C2EB573FB0067A24C /* PBXContainerItemProxy */;
		};
		BC89278E2EF6DB0300E9C0CF /* PBXTargetDependency */ = {
			isa = PBXTargetDependency;
			target = BC89277C2EF6DB0200E9C0CF /* WidgetsExtension */;
			targetProxy = BC89278D2EF6DB0300E9C0CF /* PBXContainerItemProxy */;
		};
/* End PBXTargetDependency section */

/* Begin XCBuildConfiguration section */
		BC5948152EB573FB0067A24C /* Debug */ = {
			isa = XCBuildConfiguration;
			buildSettings = {
				ASSETCATALOG_COMPILER_APPICON_NAME = AppIcon;
				ASSETCATALOG_COMPILER_GLOBAL_ACCENT_COLOR_NAME = AccentColor;
				CODE_SIGN_ENTITLEMENTS = Classlly/App/Classlly.entitlements;
				CODE_SIGN_IDENTITY = "Apple Development";
				CODE_SIGN_STYLE = Automatic;
				CURRENT_PROJECT_VERSION = 20;
				DEVELOPMENT_TEAM = 2K7NKASVSD;
				ENABLE_PREVIEWS = YES;
				GENERATE_INFOPLIST_FILE = YES;
				INFOPLIST_FILE = Classlly/App/Info.plist;
				INFOPLIST_KEY_CFBundleDisplayName = Classlly;
				INFOPLIST_KEY_LSApplicationCategoryType = "public.app-category.education";
				INFOPLIST_KEY_UIApplicationSceneManifest_Generation = YES;
				INFOPLIST_KEY_UIApplicationSupportsIndirectInputEvents = YES;
				INFOPLIST_KEY_UILaunchScreen_Generation = YES;
				INFOPLIST_KEY_UISupportedInterfaceOrientations_iPad = "UIInterfaceOrientationPortrait UIInterfaceOrientationPortraitUpsideDown UIInterfaceOrientationLandscapeLeft UIInterfaceOrientationLandscapeRight";
				INFOPLIST_KEY_UISupportedInterfaceOrientations_iPhone = "UIInterfaceOrientationPortrait UIInterfaceOrientationLandscapeLeft UIInterfaceOrientationLandscapeRight";
				IPHONEOS_DEPLOYMENT_TARGET = 18.6;
				LD_RUNPATH_SEARCH_PATHS = (
					"$(inherited)",
					"@executable_path/Frameworks",
				);
				MARKETING_VERSION = 2.0;
				PRODUCT_BUNDLE_IDENTIFIER = com.robudarius.classlly;
				PRODUCT_NAME = "$(TARGET_NAME)";
				PROVISIONING_PROFILE_SPECIFIER = "";
				STRING_CATALOG_GENERATE_SYMBOLS = YES;
				SWIFT_APPROACHABLE_CONCURRENCY = YES;
				SWIFT_DEFAULT_ACTOR_ISOLATION = MainActor;
				SWIFT_EMIT_LOC_STRINGS = YES;
				SWIFT_UPCOMING_FEATURE_MEMBER_IMPORT_VISIBILITY = YES;
				SWIFT_VERSION = 5.0;
				TARGETED_DEVICE_FAMILY = "1,2";
			};
			name = Debug;
		};
		BC5948162EB573FB0067A24C /* Release */ = {
			isa = XCBuildConfiguration;
			buildSettings = {
				ASSETCATALOG_COMPILER_APPICON_NAME = AppIcon;
				ASSETCATALOG_COMPILER_GLOBAL_ACCENT_COLOR_NAME = AccentColor;
				CODE_SIGN_ENTITLEMENTS = Classlly/App/Classlly.entitlements;
				CODE_SIGN_IDENTITY = "Apple Development";
				CODE_SIGN_STYLE = Automatic;
				CURRENT_PROJECT_VERSION = 20;
				DEVELOPMENT_TEAM = 2K7NKASVSD;
				ENABLE_PREVIEWS = YES;
				GENERATE_INFOPLIST_FILE = YES;
				INFOPLIST_FILE = Classlly/App/Info.plist;
				INFOPLIST_KEY_CFBundleDisplayName = Classlly;
				INFOPLIST_KEY_LSApplicationCategoryType = "public.app-category.education";
				INFOPLIST_KEY_UIApplicationSceneManifest_Generation = YES;
				INFOPLIST_KEY_UIApplicationSupportsIndirectInputEvents = YES;
				INFOPLIST_KEY_UILaunchScreen_Generation = YES;
				INFOPLIST_KEY_UISupportedInterfaceOrientations_iPad = "UIInterfaceOrientationPortrait UIInterfaceOrientationPortraitUpsideDown UIInterfaceOrientationLandscapeLeft UIInterfaceOrientationLandscapeRight";
				INFOPLIST_KEY_UISupportedInterfaceOrientations_iPhone = "UIInterfaceOrientationPortrait UIInterfaceOrientationLandscapeLeft UIInterfaceOrientationLandscapeRight";
				IPHONEOS_DEPLOYMENT_TARGET = 18.6;
				LD_RUNPATH_SEARCH_PATHS = (
					"$(inherited)",
					"@executable_path/Frameworks",
				);
				MARKETING_VERSION = 2.0;
				PRODUCT_BUNDLE_IDENTIFIER = com.robudarius.classlly;
				PRODUCT_NAME = "$(TARGET_NAME)";
				PROVISIONING_PROFILE_SPECIFIER = "";
				STRING_CATALOG_GENERATE_SYMBOLS = YES;
				SWIFT_APPROACHABLE_CONCURRENCY = YES;
				SWIFT_DEFAULT_ACTOR_ISOLATION = MainActor;
				SWIFT_EMIT_LOC_STRINGS = YES;
				SWIFT_UPCOMING_FEATURE_MEMBER_IMPORT_VISIBILITY = YES;
				SWIFT_VERSION = 5.0;
				TARGETED_DEVICE_FAMILY = "1,2";
			};
			name = Release;
		};
		BC5948172EB573FB0067A24C /* Debug */ = {
			isa = XCBuildConfiguration;
			buildSettings = {
				ALWAYS_SEARCH_USER_PATHS = NO;
				ASSETCATALOG_COMPILER_GENERATE_SWIFT_ASSET_SYMBOL_EXTENSIONS = YES;
				CLANG_ANALYZER_NONNULL = YES;
				CLANG_ANALYZER_NUMBER_OBJECT_CONVERSION = YES_AGGRESSIVE;
				CLANG_CXX_LANGUAGE_STANDARD = "gnu++20";
				CLANG_ENABLE_MODULES = YES;
				CLANG_ENABLE_OBJC_ARC = YES;
				CLANG_ENABLE_OBJC_WEAK = YES;
				CLANG_WARN_BLOCK_CAPTURE_AUTORELEASING = YES;
				CLANG_WARN_BOOL_CONVERSION = YES;
				CLANG_WARN_COMMA = YES;
				CLANG_WARN_CONSTANT_CONVERSION = YES;
				CLANG_WARN_DEPRECATED_OBJC_IMPLEMENTATIONS = YES;
				CLANG_WARN_DIRECT_OBJC_ISA_USAGE = YES_ERROR;
				CLANG_WARN_DOCUMENTATION_COMMENTS = YES;
				CLANG_WARN_EMPTY_BODY = YES;
				CLANG_WARN_ENUM_CONVERSION = YES;
				CLANG_WARN_INFINITE_RECURSION = YES;
				CLANG_WARN_INT_CONVERSION = YES;
				CLANG_WARN_NON_LITERAL_NULL_CONVERSION = YES;
				CLANG_WARN_OBJC_IMPLICIT_RETAIN_SELF = YES;
				CLANG_WARN_OBJC_LITERAL_CONVERSION = YES;
				CLANG_WARN_OBJC_ROOT_CLASS = YES_ERROR;
				CLANG_WARN_QUOTED_INCLUDE_IN_FRAMEWORK_HEADER = YES;
				CLANG_WARN_RANGE_LOOP_ANALYSIS = YES;
				CLANG_WARN_STRICT_PROTOTYPES = YES;
				CLANG_WARN_SUSPICIOUS_MOVE = YES;
				CLANG_WARN_UNGUARDED_AVAILABILITY = YES_AGGRESSIVE;
				CLANG_WARN_UNREACHABLE_CODE = YES;
				CLANG_WARN__DUPLICATE_METHOD_MATCH = YES;
				COPY_PHASE_STRIP = NO;
				DEBUG_INFORMATION_FORMAT = dwarf;
				DEVELOPMENT_TEAM = 2K7NKASVSD;
				ENABLE_STRICT_OBJC_MSGSEND = YES;
				ENABLE_TESTABILITY = YES;
				ENABLE_USER_SCRIPT_SANDBOXING = YES;
				GCC_C_LANGUAGE_STANDARD = gnu17;
				GCC_DYNAMIC_NO_PIC = NO;
				GCC_NO_COMMON_BLOCKS = YES;
				GCC_OPTIMIZATION_LEVEL = 0;
				GCC_PREPROCESSOR_DEFINITIONS = (
					"DEBUG=1",
					"$(inherited)",
				);
				GCC_WARN_64_TO_32_BIT_CONVERSION = YES;
				GCC_WARN_ABOUT_RETURN_TYPE = YES_ERROR;
				GCC_WARN_UNDECLARED_SELECTOR = YES;
				GCC_WARN_UNINITIALIZED_AUTOS = YES_AGGRESSIVE;
				GCC_WARN_UNUSED_FUNCTION = YES;
				GCC_WARN_UNUSED_VARIABLE = YES;
				IPHONEOS_DEPLOYMENT_TARGET = 26.0;
				LOCALIZATION_PREFERS_STRING_CATALOGS = YES;
				MTL_ENABLE_DEBUG_INFO = INCLUDE_SOURCE;
				MTL_FAST_MATH = YES;
				ONLY_ACTIVE_ARCH = YES;
				SDKROOT = iphoneos;
				STRING_CATALOG_GENERATE_SYMBOLS = YES;
				SWIFT_ACTIVE_COMPILATION_CONDITIONS = "DEBUG $(inherited)";
				SWIFT_OPTIMIZATION_LEVEL = "-Onone";
			};
			name = Debug;
		};
		BC5948182EB573FB0067A24C /* Release */ = {
			isa = XCBuildConfiguration;
			buildSettings = {
				ALWAYS_SEARCH_USER_PATHS = NO;
				ASSETCATALOG_COMPILER_GENERATE_SWIFT_ASSET_SYMBOL_EXTENSIONS = YES;
				CLANG_ANALYZER_NONNULL = YES;
				CLANG_ANALYZER_NUMBER_OBJECT_CONVERSION = YES_AGGRESSIVE;
				CLANG_CXX_LANGUAGE_STANDARD = "gnu++20";
				CLANG_ENABLE_MODULES = YES;
				CLANG_ENABLE_OBJC_ARC = YES;
				CLANG_ENABLE_OBJC_WEAK = YES;
				CLANG_WARN_BLOCK_CAPTURE_AUTORELEASING = YES;
				CLANG_WARN_BOOL_CONVERSION = YES;
				CLANG_WARN_COMMA = YES;
				CLANG_WARN_CONSTANT_CONVERSION = YES;
				CLANG_WARN_DEPRECATED_OBJC_IMPLEMENTATIONS = YES;
				CLANG_WARN_DIRECT_OBJC_ISA_USAGE = YES_ERROR;
				CLANG_WARN_DOCUMENTATION_COMMENTS = YES;
				CLANG_WARN_EMPTY_BODY = YES;
				CLANG_WARN_ENUM_CONVERSION = YES;
				CLANG_WARN_INFINITE_RECURSION = YES;
				CLANG_WARN_INT_CONVERSION = YES;
				CLANG_WARN_NON_LITERAL_NULL_CONVERSION = YES;
				CLANG_WARN_OBJC_IMPLICIT_RETAIN_SELF = YES;
				CLANG_WARN_OBJC_LITERAL_CONVERSION = YES;
				CLANG_WARN_OBJC_ROOT_CLASS = YES_ERROR;
				CLANG_WARN_QUOTED_INCLUDE_IN_FRAMEWORK_HEADER = YES;
				CLANG_WARN_RANGE_LOOP_ANALYSIS = YES;
				CLANG_WARN_STRICT_PROTOTYPES = YES;
				CLANG_WARN_SUSPICIOUS_MOVE = YES;
				CLANG_WARN_UNGUARDED_AVAILABILITY = YES_AGGRESSIVE;
				CLANG_WARN_UNREACHABLE_CODE = YES;
				CLANG_WARN__DUPLICATE_METHOD_MATCH = YES;
				COPY_PHASE_STRIP = NO;
				DEBUG_INFORMATION_FORMAT = "dwarf-with-dsym";
				DEVELOPMENT_TEAM = 2K7NKASVSD;
				ENABLE_NS_ASSERTIONS = NO;
				ENABLE_STRICT_OBJC_MSGSEND = YES;
				ENABLE_USER_SCRIPT_SANDBOXING = YES;
				GCC_C_LANGUAGE_STANDARD = gnu17;
				GCC_NO_COMMON_BLOCKS = YES;
				GCC_WARN_64_TO_32_BIT_CONVERSION = YES;
				GCC_WARN_ABOUT_RETURN_TYPE = YES_ERROR;
				GCC_WARN_UNDECLARED_SELECTOR = YES;
				GCC_WARN_UNINITIALIZED_AUTOS = YES_AGGRESSIVE;
				GCC_WARN_UNUSED_FUNCTION = YES;
				GCC_WARN_UNUSED_VARIABLE = YES;
				IPHONEOS_DEPLOYMENT_TARGET = 26.0;
				LOCALIZATION_PREFERS_STRING_CATALOGS = YES;
				MTL_ENABLE_DEBUG_INFO = NO;
				MTL_FAST_MATH = YES;
				SDKROOT = iphoneos;
				STRING_CATALOG_GENERATE_SYMBOLS = YES;
				SWIFT_COMPILATION_MODE = wholemodule;
				VALIDATE_PRODUCT = YES;
			};
			name = Release;
		};
		BC59481A2EB573FB0067A24C /* Debug */ = {
			isa = XCBuildConfiguration;
			buildSettings = {
				BUNDLE_LOADER = "$(TEST_HOST)";
				CODE_SIGN_STYLE = Automatic;
				CURRENT_PROJECT_VERSION = 1;
				DEVELOPMENT_TEAM = 2K7NKASVSD;
				GENERATE_INFOPLIST_FILE = YES;
				IPHONEOS_DEPLOYMENT_TARGET = 18.1;
				MARKETING_VERSION = 1.0;
				PRODUCT_BUNDLE_IDENTIFIER = com.robu.darius.ClassllyTests;
				PRODUCT_NAME = "$(TARGET_NAME)";
				STRING_CATALOG_GENERATE_SYMBOLS = NO;
				SWIFT_APPROACHABLE_CONCURRENCY = YES;
				SWIFT_EMIT_LOC_STRINGS = NO;
				SWIFT_UPCOMING_FEATURE_MEMBER_IMPORT_VISIBILITY = YES;
				SWIFT_VERSION = 5.0;
				TARGETED_DEVICE_FAMILY = "1,2";
				TEST_HOST = "$(BUILT_PRODUCTS_DIR)/Classlly.app/$(BUNDLE_EXECUTABLE_FOLDER_PATH)/Classlly";
			};
			name = Debug;
		};
		BC59481B2EB573FB0067A24C /* Release */ = {
			isa = XCBuildConfiguration;
			buildSettings = {
				BUNDLE_LOADER = "$(TEST_HOST)";
				CODE_SIGN_STYLE = Automatic;
				CURRENT_PROJECT_VERSION = 1;
				DEVELOPMENT_TEAM = 2K7NKASVSD;
				GENERATE_INFOPLIST_FILE = YES;
				IPHONEOS_DEPLOYMENT_TARGET = 18.1;
				MARKETING_VERSION = 1.0;
				PRODUCT_BUNDLE_IDENTIFIER = com.robu.darius.ClassllyTests;
				PRODUCT_NAME = "$(TARGET_NAME)";
				STRING_CATALOG_GENERATE_SYMBOLS = NO;
				SWIFT_APPROACHABLE_CONCURRENCY = YES;
				SWIFT_EMIT_LOC_STRINGS = NO;
				SWIFT_UPCOMING_FEATURE_MEMBER_IMPORT_VISIBILITY = YES;
				SWIFT_VERSION = 5.0;
				TARGETED_DEVICE_FAMILY = "1,2";
				TEST_HOST = "$(BUILT_PRODUCTS_DIR)/Classlly.app/$(BUNDLE_EXECUTABLE_FOLDER_PATH)/Classlly";
			};
			name = Release;
		};
		BC59481D2EB573FB0067A24C /* Debug */ = {
			isa = XCBuildConfiguration;
			buildSettings = {
				CODE_SIGN_STYLE = Automatic;
				CURRENT_PROJECT_VERSION = 1;
				DEVELOPMENT_TEAM = 2K7NKASVSD;
				GENERATE_INFOPLIST_FILE = YES;
				IPHONEOS_DEPLOYMENT_TARGET = 18.1;
				MARKETING_VERSION = 1.0;
				PRODUCT_BUNDLE_IDENTIFIER = com.robu.darius.ClassllyUITests;
				PRODUCT_NAME = "$(TARGET_NAME)";
				STRING_CATALOG_GENERATE_SYMBOLS = NO;
				SWIFT_APPROACHABLE_CONCURRENCY = YES;
				SWIFT_EMIT_LOC_STRINGS = NO;
				SWIFT_UPCOMING_FEATURE_MEMBER_IMPORT_VISIBILITY = YES;
				SWIFT_VERSION = 5.0;
				TARGETED_DEVICE_FAMILY = "1,2";
				TEST_TARGET_NAME = Classlly;
			};
			name = Debug;
		};
		BC59481E2EB573FB0067A24C /* Release */ = {
			isa = XCBuildConfiguration;
			buildSettings = {
				CODE_SIGN_STYLE = Automatic;
				CURRENT_PROJECT_VERSION = 1;
				DEVELOPMENT_TEAM = 2K7NKASVSD;
				GENERATE_INFOPLIST_FILE = YES;
				IPHONEOS_DEPLOYMENT_TARGET = 18.1;
				MARKETING_VERSION = 1.0;
				PRODUCT_BUNDLE_IDENTIFIER = com.robu.darius.ClassllyUITests;
				PRODUCT_NAME = "$(TARGET_NAME)";
				STRING_CATALOG_GENERATE_SYMBOLS = NO;
				SWIFT_APPROACHABLE_CONCURRENCY = YES;
				SWIFT_EMIT_LOC_STRINGS = NO;
				SWIFT_UPCOMING_FEATURE_MEMBER_IMPORT_VISIBILITY = YES;
				SWIFT_VERSION = 5.0;
				TARGETED_DEVICE_FAMILY = "1,2";
				TEST_TARGET_NAME = Classlly;
			};
			name = Release;
		};
		BC8927912EF6DB0300E9C0CF /* Debug */ = {
			isa = XCBuildConfiguration;
			buildSettings = {
				ASSETCATALOG_COMPILER_GLOBAL_ACCENT_COLOR_NAME = AccentColor;
				ASSETCATALOG_COMPILER_WIDGET_BACKGROUND_COLOR_NAME = WidgetBackground;
				CODE_SIGN_ENTITLEMENTS = WidgetsExtension.entitlements;
				CODE_SIGN_IDENTITY = "Apple Development";
				CODE_SIGN_STYLE = Automatic;
				CURRENT_PROJECT_VERSION = 20;
				DEVELOPMENT_TEAM = 2K7NKASVSD;
				GENERATE_INFOPLIST_FILE = YES;
				INFOPLIST_FILE = Widgets/Info.plist;
				INFOPLIST_KEY_CFBundleDisplayName = Widgets;
				INFOPLIST_KEY_NSHumanReadableCopyright = "";
				IPHONEOS_DEPLOYMENT_TARGET = 18.6;
				LD_RUNPATH_SEARCH_PATHS = (
					"$(inherited)",
					"@executable_path/Frameworks",
					"@executable_path/../../Frameworks",
				);
				MARKETING_VERSION = 2.0;
				PRODUCT_BUNDLE_IDENTIFIER = com.robudarius.classlly.Widgets;
				PRODUCT_NAME = "$(TARGET_NAME)";
				SKIP_INSTALL = YES;
				STRING_CATALOG_GENERATE_SYMBOLS = YES;
				SWIFT_APPROACHABLE_CONCURRENCY = YES;
				SWIFT_EMIT_LOC_STRINGS = YES;
				SWIFT_UPCOMING_FEATURE_MEMBER_IMPORT_VISIBILITY = YES;
				SWIFT_VERSION = 5.0;
				TARGETED_DEVICE_FAMILY = "1,2";
			};
			name = Debug;
		};
		BC8927922EF6DB0300E9C0CF /* Release */ = {
			isa = XCBuildConfiguration;
			buildSettings = {
				ASSETCATALOG_COMPILER_GLOBAL_ACCENT_COLOR_NAME = AccentColor;
				ASSETCATALOG_COMPILER_WIDGET_BACKGROUND_COLOR_NAME = WidgetBackground;
				CODE_SIGN_ENTITLEMENTS = WidgetsExtension.entitlements;
				CODE_SIGN_IDENTITY = "Apple Development";
				CODE_SIGN_STYLE = Automatic;
				CURRENT_PROJECT_VERSION = 20;
				DEVELOPMENT_TEAM = 2K7NKASVSD;
				GENERATE_INFOPLIST_FILE = YES;
				INFOPLIST_FILE = Widgets/Info.plist;
				INFOPLIST_KEY_CFBundleDisplayName = Widgets;
				INFOPLIST_KEY_NSHumanReadableCopyright = "";
				IPHONEOS_DEPLOYMENT_TARGET = 18.6;
				LD_RUNPATH_SEARCH_PATHS = (
					"$(inherited)",
					"@executable_path/Frameworks",
					"@executable_path/../../Frameworks",
				);
				MARKETING_VERSION = 2.0;
				PRODUCT_BUNDLE_IDENTIFIER = com.robudarius.classlly.Widgets;
				PRODUCT_NAME = "$(TARGET_NAME)";
				SKIP_INSTALL = YES;
				STRING_CATALOG_GENERATE_SYMBOLS = YES;
				SWIFT_APPROACHABLE_CONCURRENCY = YES;
				SWIFT_EMIT_LOC_STRINGS = YES;
				SWIFT_UPCOMING_FEATURE_MEMBER_IMPORT_VISIBILITY = YES;
				SWIFT_VERSION = 5.0;
				TARGETED_DEVICE_FAMILY = "1,2";
			};
			name = Release;
		};
/* End XCBuildConfiguration section */

/* Begin XCConfigurationList section */
		BC5947EB2EB573FA0067A24C /* Build configuration list for PBXProject "Classlly" */ = {
			isa = XCConfigurationList;
			buildConfigurations = (
				BC5948172EB573FB0067A24C /* Debug */,
				BC5948182EB573FB0067A24C /* Release */,
			);
			defaultConfigurationIsVisible = 0;
			defaultConfigurationName = Release;
		};
		BC5948142EB573FB0067A24C /* Build configuration list for PBXNativeTarget "Classlly" */ = {
			isa = XCConfigurationList;
			buildConfigurations = (
				BC5948152EB573FB0067A24C /* Debug */,
				BC5948162EB573FB0067A24C /* Release */,
			);
			defaultConfigurationIsVisible = 0;
			defaultConfigurationName = Release;
		};
		BC5948192EB573FB0067A24C /* Build configuration list for PBXNativeTarget "ClassllyTests" */ = {
			isa = XCConfigurationList;
			buildConfigurations = (
				BC59481A2EB573FB0067A24C /* Debug */,
				BC59481B2EB573FB0067A24C /* Release */,
			);
			defaultConfigurationIsVisible = 0;
			defaultConfigurationName = Release;
		};
		BC59481C2EB573FB0067A24C /* Build configuration list for PBXNativeTarget "ClassllyUITests" */ = {
			isa = XCConfigurationList;
			buildConfigurations = (
				BC59481D2EB573FB0067A24C /* Debug */,
				BC59481E2EB573FB0067A24C /* Release */,
			);
			defaultConfigurationIsVisible = 0;
			defaultConfigurationName = Release;
		};
		BC8927902EF6DB0300E9C0CF /* Build configuration list for PBXNativeTarget "WidgetsExtension" */ = {
			isa = XCConfigurationList;
			buildConfigurations = (
				BC8927912EF6DB0300E9C0CF /* Debug */,
				BC8927922EF6DB0300E9C0CF /* Release */,
			);
			defaultConfigurationIsVisible = 0;
			defaultConfigurationName = Release;
		};
/* End XCConfigurationList section */

/* Begin XCRemoteSwiftPackageReference section */
		BCD96F792EEA261000825511 /* XCRemoteSwiftPackageReference "generative-ai-swift" */ = {
			isa = XCRemoteSwiftPackageReference;
			repositoryURL = "https://github.com/google/generative-ai-swift";
			requirement = {
				kind = upToNextMajorVersion;
				minimumVersion = 0.5.6;
			};
		};
/* End XCRemoteSwiftPackageReference section */

/* Begin XCSwiftPackageProductDependency section */
		BCD96F7A2EEA261000825511 /* GoogleGenerativeAI */ = {
			isa = XCSwiftPackageProductDependency;
			package = BCD96F792EEA261000825511 /* XCRemoteSwiftPackageReference "generative-ai-swift" */;
			productName = GoogleGenerativeAI;
		};
/* End XCSwiftPackageProductDependency section */
	};
	rootObject = BC5947E82EB573FA0067A24C /* Project object */;
}
